// !$*UTF8*$!
{
	archiveVersion = 1;
	classes = {
	};
	objectVersion = 56;
	objects = {

/* Begin PBXBuildFile section */
		24A0C0492A9C316D0008C054 /* TestIOSApp.swift in Sources */ = {isa = PBXBuildFile; fileRef = 24A0C0482A9C316D0008C054 /* TestIOSApp.swift */; };
		24A0C04B2A9C316D0008C054 /* ContentView.swift in Sources */ = {isa = PBXBuildFile; fileRef = 24A0C04A2A9C316D0008C054 /* ContentView.swift */; };
		24A0C04D2A9C316E0008C054 /* Assets.xcassets in Resources */ = {isa = PBXBuildFile; fileRef = 24A0C04C2A9C316E0008C054 /* Assets.xcassets */; };
		24A0C0512A9C316E0008C054 /* Preview Assets.xcassets in Resources */ = {isa = PBXBuildFile; fileRef = 24A0C0502A9C316E0008C054 /* Preview Assets.xcassets */; };
		24A0C05B2A9C316E0008C054 /* TestIOSTests.swift in Sources */ = {isa = PBXBuildFile; fileRef = 24A0C05A2A9C316E0008C054 /* TestIOSTests.swift */; };
		24A0C0652A9C316E0008C054 /* TestIOSUITests.swift in Sources */ = {isa = PBXBuildFile; fileRef = 24A0C0642A9C316E0008C054 /* TestIOSUITests.swift */; };
		24A0C0672A9C316E0008C054 /* TestIOSUITestsLaunchTests.swift in Sources */ = {isa = PBXBuildFile; fileRef = 24A0C0662A9C316E0008C054 /* TestIOSUITestsLaunchTests.swift */; };
		24A0C0792A9C61870008C054 /* User.swift in Sources */ = {isa = PBXBuildFile; fileRef = 24A0C0782A9C61870008C054 /* User.swift */; };
		24A0C07B2A9C624B0008C054 /* Post.swift in Sources */ = {isa = PBXBuildFile; fileRef = 24A0C07A2A9C624B0008C054 /* Post.swift */; };
		24A0C07D2A9C62E00008C054 /* NetworkService.swift in Sources */ = {isa = PBXBuildFile; fileRef = 24A0C07C2A9C62E00008C054 /* NetworkService.swift */; };
		24A0C07F2A9C6A020008C054 /* LocalPersistenceService.swift in Sources */ = {isa = PBXBuildFile; fileRef = 24A0C07E2A9C6A020008C054 /* LocalPersistenceService.swift */; };
		24A0C0842A9D0A420008C054 /* UserController.swift in Sources */ = {isa = PBXBuildFile; fileRef = 24A0C0832A9D0A420008C054 /* UserController.swift */; };
		24A0C0862A9D10700008C054 /* PostController.swift in Sources */ = {isa = PBXBuildFile; fileRef = 24A0C0852A9D10700008C054 /* PostController.swift */; };
		24A0C0882A9D52140008C054 /* UserViewModel.swift in Sources */ = {isa = PBXBuildFile; fileRef = 24A0C0872A9D52140008C054 /* UserViewModel.swift */; };
		24A0C08B2A9D530C0008C054 /* PostViewModel.swift in Sources */ = {isa = PBXBuildFile; fileRef = 24A0C08A2A9D530B0008C054 /* PostViewModel.swift */; };
		24A0C08D2A9D57070008C054 /* UsersListView.swift in Sources */ = {isa = PBXBuildFile; fileRef = 24A0C08C2A9D57070008C054 /* UsersListView.swift */; };
		24A0C08F2A9D57160008C054 /* UserListItemView.swift in Sources */ = {isa = PBXBuildFile; fileRef = 24A0C08E2A9D57150008C054 /* UserListItemView.swift */; };
		24A0C0912A9D57210008C054 /* UserDetailView.swift in Sources */ = {isa = PBXBuildFile; fileRef = 24A0C0902A9D57210008C054 /* UserDetailView.swift */; };
		24A0C0932A9D572C0008C054 /* PostListItemView.swift in Sources */ = {isa = PBXBuildFile; fileRef = 24A0C0922A9D572C0008C054 /* PostListItemView.swift */; };
		24A0C0952A9D57370008C054 /* SearchBar.swift in Sources */ = {isa = PBXBuildFile; fileRef = 24A0C0942A9D57370008C054 /* SearchBar.swift */; };
		24A0C0982A9D5FD50008C054 /* UserResponse.swift in Sources */ = {isa = PBXBuildFile; fileRef = 24A0C0972A9D5FD50008C054 /* UserResponse.swift */; };
		E487C427F1B03E99252AC2E4 /* Pods_TestIOS.framework in Frameworks */ = {isa = PBXBuildFile; fileRef = 9FCEA31A10C72C8CC65E1383 /* Pods_TestIOS.framework */; };
/* End PBXBuildFile section */

/* Begin PBXContainerItemProxy section */
		24A0C0572A9C316E0008C054 /* PBXContainerItemProxy */ = {
			isa = PBXContainerItemProxy;
			containerPortal = 24A0C03D2A9C316D0008C054 /* Project object */;
			proxyType = 1;
			remoteGlobalIDString = 24A0C0442A9C316D0008C054;
			remoteInfo = TestIOS;
		};
		24A0C0612A9C316E0008C054 /* PBXContainerItemProxy */ = {
			isa = PBXContainerItemProxy;
			containerPortal = 24A0C03D2A9C316D0008C054 /* Project object */;
			proxyType = 1;
			remoteGlobalIDString = 24A0C0442A9C316D0008C054;
			remoteInfo = TestIOS;
		};
/* End PBXContainerItemProxy section */

/* Begin PBXFileReference section */
		24A0C0452A9C316D0008C054 /* TestIOS.app */ = {isa = PBXFileReference; explicitFileType = wrapper.application; includeInIndex = 0; path = TestIOS.app; sourceTree = BUILT_PRODUCTS_DIR; };
		24A0C0482A9C316D0008C054 /* TestIOSApp.swift */ = {isa = PBXFileReference; lastKnownFileType = sourcecode.swift; path = TestIOSApp.swift; sourceTree = "<group>"; };
		24A0C04A2A9C316D0008C054 /* ContentView.swift */ = {isa = PBXFileReference; lastKnownFileType = sourcecode.swift; path = ContentView.swift; sourceTree = "<group>"; };
		24A0C04C2A9C316E0008C054 /* Assets.xcassets */ = {isa = PBXFileReference; lastKnownFileType = folder.assetcatalog; path = Assets.xcassets; sourceTree = "<group>"; };
		24A0C04E2A9C316E0008C054 /* TestIOS.entitlements */ = {isa = PBXFileReference; lastKnownFileType = text.plist.entitlements; path = TestIOS.entitlements; sourceTree = "<group>"; };
		24A0C0502A9C316E0008C054 /* Preview Assets.xcassets */ = {isa = PBXFileReference; lastKnownFileType = folder.assetcatalog; path = "Preview Assets.xcassets"; sourceTree = "<group>"; };
		24A0C0562A9C316E0008C054 /* TestIOSTests.xctest */ = {isa = PBXFileReference; explicitFileType = wrapper.cfbundle; includeInIndex = 0; path = TestIOSTests.xctest; sourceTree = BUILT_PRODUCTS_DIR; };
		24A0C05A2A9C316E0008C054 /* TestIOSTests.swift */ = {isa = PBXFileReference; lastKnownFileType = sourcecode.swift; path = TestIOSTests.swift; sourceTree = "<group>"; };
		24A0C0602A9C316E0008C054 /* TestIOSUITests.xctest */ = {isa = PBXFileReference; explicitFileType = wrapper.cfbundle; includeInIndex = 0; path = TestIOSUITests.xctest; sourceTree = BUILT_PRODUCTS_DIR; };
		24A0C0642A9C316E0008C054 /* TestIOSUITests.swift */ = {isa = PBXFileReference; lastKnownFileType = sourcecode.swift; path = TestIOSUITests.swift; sourceTree = "<group>"; };
		24A0C0662A9C316E0008C054 /* TestIOSUITestsLaunchTests.swift */ = {isa = PBXFileReference; lastKnownFileType = sourcecode.swift; path = TestIOSUITestsLaunchTests.swift; sourceTree = "<group>"; };
		24A0C0782A9C61870008C054 /* User.swift */ = {isa = PBXFileReference; lastKnownFileType = sourcecode.swift; path = User.swift; sourceTree = "<group>"; };
		24A0C07A2A9C624B0008C054 /* Post.swift */ = {isa = PBXFileReference; lastKnownFileType = sourcecode.swift; path = Post.swift; sourceTree = "<group>"; };
		24A0C07C2A9C62E00008C054 /* NetworkService.swift */ = {isa = PBXFileReference; lastKnownFileType = sourcecode.swift; path = NetworkService.swift; sourceTree = "<group>"; };
		24A0C07E2A9C6A020008C054 /* LocalPersistenceService.swift */ = {isa = PBXFileReference; lastKnownFileType = sourcecode.swift; path = LocalPersistenceService.swift; sourceTree = "<group>"; };
		24A0C0832A9D0A420008C054 /* UserController.swift */ = {isa = PBXFileReference; lastKnownFileType = sourcecode.swift; path = UserController.swift; sourceTree = "<group>"; };
		24A0C0852A9D10700008C054 /* PostController.swift */ = {isa = PBXFileReference; lastKnownFileType = sourcecode.swift; path = PostController.swift; sourceTree = "<group>"; };
		24A0C0872A9D52140008C054 /* UserViewModel.swift */ = {isa = PBXFileReference; lastKnownFileType = sourcecode.swift; path = UserViewModel.swift; sourceTree = "<group>"; };
		24A0C08A2A9D530B0008C054 /* PostViewModel.swift */ = {isa = PBXFileReference; lastKnownFileType = sourcecode.swift; path = PostViewModel.swift; sourceTree = "<group>"; };
		24A0C08C2A9D57070008C054 /* UsersListView.swift */ = {isa = PBXFileReference; lastKnownFileType = sourcecode.swift; path = UsersListView.swift; sourceTree = "<group>"; };
		24A0C08E2A9D57150008C054 /* UserListItemView.swift */ = {isa = PBXFileReference; lastKnownFileType = sourcecode.swift; path = UserListItemView.swift; sourceTree = "<group>"; };
		24A0C0902A9D57210008C054 /* UserDetailView.swift */ = {isa = PBXFileReference; lastKnownFileType = sourcecode.swift; path = UserDetailView.swift; sourceTree = "<group>"; };
		24A0C0922A9D572C0008C054 /* PostListItemView.swift */ = {isa = PBXFileReference; lastKnownFileType = sourcecode.swift; path = PostListItemView.swift; sourceTree = "<group>"; };
		24A0C0942A9D57370008C054 /* SearchBar.swift */ = {isa = PBXFileReference; lastKnownFileType = sourcecode.swift; path = SearchBar.swift; sourceTree = "<group>"; };
		24A0C0962A9D5D130008C054 /* Info.plist */ = {isa = PBXFileReference; lastKnownFileType = text.plist; path = Info.plist; sourceTree = "<group>"; };
		24A0C0972A9D5FD50008C054 /* UserResponse.swift */ = {isa = PBXFileReference; lastKnownFileType = sourcecode.swift; path = UserResponse.swift; sourceTree = "<group>"; };
		2C363C7470D12A3781E492E3 /* Pods-TestIOS.release.xcconfig */ = {isa = PBXFileReference; includeInIndex = 1; lastKnownFileType = text.xcconfig; name = "Pods-TestIOS.release.xcconfig"; path = "Target Support Files/Pods-TestIOS/Pods-TestIOS.release.xcconfig"; sourceTree = "<group>"; };
		9FCEA31A10C72C8CC65E1383 /* Pods_TestIOS.framework */ = {isa = PBXFileReference; explicitFileType = wrapper.framework; includeInIndex = 0; path = Pods_TestIOS.framework; sourceTree = BUILT_PRODUCTS_DIR; };
		B7D0263A9512EDAF07599ABA /* Pods-TestIOS.debug.xcconfig */ = {isa = PBXFileReference; includeInIndex = 1; lastKnownFileType = text.xcconfig; name = "Pods-TestIOS.debug.xcconfig"; path = "Target Support Files/Pods-TestIOS/Pods-TestIOS.debug.xcconfig"; sourceTree = "<group>"; };
/* End PBXFileReference section */

/* Begin PBXFrameworksBuildPhase section */
		24A0C0422A9C316D0008C054 /* Frameworks */ = {
			isa = PBXFrameworksBuildPhase;
			buildActionMask = 2147483647;
			files = (
				E487C427F1B03E99252AC2E4 /* Pods_TestIOS.framework in Frameworks */,
			);
			runOnlyForDeploymentPostprocessing = 0;
		};
		24A0C0532A9C316E0008C054 /* Frameworks */ = {
			isa = PBXFrameworksBuildPhase;
			buildActionMask = 2147483647;
			files = (
			);
			runOnlyForDeploymentPostprocessing = 0;
		};
		24A0C05D2A9C316E0008C054 /* Frameworks */ = {
			isa = PBXFrameworksBuildPhase;
			buildActionMask = 2147483647;
			files = (
			);
			runOnlyForDeploymentPostprocessing = 0;
		};
/* End PBXFrameworksBuildPhase section */

/* Begin PBXGroup section */
		24A0C03C2A9C316D0008C054 = {
			isa = PBXGroup;
			children = (
				24A0C0472A9C316D0008C054 /* TestIOS */,
				24A0C0592A9C316E0008C054 /* TestIOSTests */,
				24A0C0632A9C316E0008C054 /* TestIOSUITests */,
				24A0C0462A9C316D0008C054 /* Products */,
				D7BFD31A5D049FAA8212FC4D /* Pods */,
				74743150E806FD3E96F01EB9 /* Frameworks */,
			);
			sourceTree = "<group>";
		};
		24A0C0462A9C316D0008C054 /* Products */ = {
			isa = PBXGroup;
			children = (
				24A0C0452A9C316D0008C054 /* TestIOS.app */,
				24A0C0562A9C316E0008C054 /* TestIOSTests.xctest */,
				24A0C0602A9C316E0008C054 /* TestIOSUITests.xctest */,
			);
			name = Products;
			sourceTree = "<group>";
		};
		24A0C0472A9C316D0008C054 /* TestIOS */ = {
			isa = PBXGroup;
			children = (
				24A0C0962A9D5D130008C054 /* Info.plist */,
				24A0C0822A9D0A280008C054 /* Controllers */,
				24A0C0732A9C39E70008C054 /* Models */,
				24A0C0742A9C3A000008C054 /* ViewModels */,
				24A0C0752A9C3A0B0008C054 /* Views */,
				24A0C0762A9C3A120008C054 /* Services */,
				24A0C04F2A9C316E0008C054 /* Preview Content */,
				24A0C04C2A9C316E0008C054 /* Assets.xcassets */,
				24A0C04A2A9C316D0008C054 /* ContentView.swift */,
				24A0C04E2A9C316E0008C054 /* TestIOS.entitlements */,
				24A0C0482A9C316D0008C054 /* TestIOSApp.swift */,
			);
			path = TestIOS;
			sourceTree = "<group>";
		};
		24A0C04F2A9C316E0008C054 /* Preview Content */ = {
			isa = PBXGroup;
			children = (
				24A0C0502A9C316E0008C054 /* Preview Assets.xcassets */,
			);
			path = "Preview Content";
			sourceTree = "<group>";
		};
		24A0C0592A9C316E0008C054 /* TestIOSTests */ = {
			isa = PBXGroup;
			children = (
				24A0C05A2A9C316E0008C054 /* TestIOSTests.swift */,
			);
			path = TestIOSTests;
			sourceTree = "<group>";
		};
		24A0C0632A9C316E0008C054 /* TestIOSUITests */ = {
			isa = PBXGroup;
			children = (
				24A0C0642A9C316E0008C054 /* TestIOSUITests.swift */,
				24A0C0662A9C316E0008C054 /* TestIOSUITestsLaunchTests.swift */,
			);
			path = TestIOSUITests;
			sourceTree = "<group>";
		};
		24A0C0732A9C39E70008C054 /* Models */ = {
			isa = PBXGroup;
			children = (
				24A0C0782A9C61870008C054 /* User.swift */,
				24A0C07A2A9C624B0008C054 /* Post.swift */,
				24A0C0972A9D5FD50008C054 /* UserResponse.swift */,
			);
			path = Models;
			sourceTree = "<group>";
		};
		24A0C0742A9C3A000008C054 /* ViewModels */ = {
			isa = PBXGroup;
			children = (
				24A0C0872A9D52140008C054 /* UserViewModel.swift */,
				24A0C08A2A9D530B0008C054 /* PostViewModel.swift */,
			);
			path = ViewModels;
			sourceTree = "<group>";
		};
		24A0C0752A9C3A0B0008C054 /* Views */ = {
			isa = PBXGroup;
			children = (
				24A0C08C2A9D57070008C054 /* UsersListView.swift */,
				24A0C08E2A9D57150008C054 /* UserListItemView.swift */,
				24A0C0902A9D57210008C054 /* UserDetailView.swift */,
				24A0C0922A9D572C0008C054 /* PostListItemView.swift */,
				24A0C0942A9D57370008C054 /* SearchBar.swift */,
			);
			path = Views;
			sourceTree = "<group>";
		};
		24A0C0762A9C3A120008C054 /* Services */ = {
			isa = PBXGroup;
			children = (
				24A0C07C2A9C62E00008C054 /* NetworkService.swift */,
				24A0C07E2A9C6A020008C054 /* LocalPersistenceService.swift */,
			);
			path = Services;
			sourceTree = "<group>";
		};
		24A0C0822A9D0A280008C054 /* Controllers */ = {
			isa = PBXGroup;
			children = (
				24A0C0832A9D0A420008C054 /* UserController.swift */,
				24A0C0852A9D10700008C054 /* PostController.swift */,
			);
			path = Controllers;
			sourceTree = "<group>";
		};
		74743150E806FD3E96F01EB9 /* Frameworks */ = {
			isa = PBXGroup;
			children = (
				9FCEA31A10C72C8CC65E1383 /* Pods_TestIOS.framework */,
			);
			name = Frameworks;
			sourceTree = "<group>";
		};
		D7BFD31A5D049FAA8212FC4D /* Pods */ = {
			isa = PBXGroup;
			children = (
				B7D0263A9512EDAF07599ABA /* Pods-TestIOS.debug.xcconfig */,
				2C363C7470D12A3781E492E3 /* Pods-TestIOS.release.xcconfig */,
			);
			path = Pods;
			sourceTree = "<group>";
		};
/* End PBXGroup section */

/* Begin PBXNativeTarget section */
		24A0C0442A9C316D0008C054 /* TestIOS */ = {
			isa = PBXNativeTarget;
			buildConfigurationList = 24A0C06A2A9C316E0008C054 /* Build configuration list for PBXNativeTarget "TestIOS" */;
			buildPhases = (
				544A76905E2D09F3D8F09DF0 /* [CP] Check Pods Manifest.lock */,
				24A0C0412A9C316D0008C054 /* Sources */,
				24A0C0422A9C316D0008C054 /* Frameworks */,
				24A0C0432A9C316D0008C054 /* Resources */,
				5373EC0E0A9EEEBA0C0987D9 /* [CP] Embed Pods Frameworks */,
			);
			buildRules = (
			);
			dependencies = (
			);
			name = TestIOS;
			productName = TestIOS;
			productReference = 24A0C0452A9C316D0008C054 /* TestIOS.app */;
			productType = "com.apple.product-type.application";
		};
		24A0C0552A9C316E0008C054 /* TestIOSTests */ = {
			isa = PBXNativeTarget;
			buildConfigurationList = 24A0C06D2A9C316E0008C054 /* Build configuration list for PBXNativeTarget "TestIOSTests" */;
			buildPhases = (
				24A0C0522A9C316E0008C054 /* Sources */,
				24A0C0532A9C316E0008C054 /* Frameworks */,
				24A0C0542A9C316E0008C054 /* Resources */,
			);
			buildRules = (
			);
			dependencies = (
				24A0C0582A9C316E0008C054 /* PBXTargetDependency */,
			);
			name = TestIOSTests;
			productName = TestIOSTests;
			productReference = 24A0C0562A9C316E0008C054 /* TestIOSTests.xctest */;
			productType = "com.apple.product-type.bundle.unit-test";
		};
		24A0C05F2A9C316E0008C054 /* TestIOSUITests */ = {
			isa = PBXNativeTarget;
			buildConfigurationList = 24A0C0702A9C316E0008C054 /* Build configuration list for PBXNativeTarget "TestIOSUITests" */;
			buildPhases = (
				24A0C05C2A9C316E0008C054 /* Sources */,
				24A0C05D2A9C316E0008C054 /* Frameworks */,
				24A0C05E2A9C316E0008C054 /* Resources */,
			);
			buildRules = (
			);
			dependencies = (
				24A0C0622A9C316E0008C054 /* PBXTargetDependency */,
			);
			name = TestIOSUITests;
			productName = TestIOSUITests;
			productReference = 24A0C0602A9C316E0008C054 /* TestIOSUITests.xctest */;
			productType = "com.apple.product-type.bundle.ui-testing";
		};
/* End PBXNativeTarget section */

/* Begin PBXProject section */
		24A0C03D2A9C316D0008C054 /* Project object */ = {
			isa = PBXProject;
			attributes = {
				BuildIndependentTargetsInParallel = 1;
				LastSwiftUpdateCheck = 1430;
				LastUpgradeCheck = 1430;
				TargetAttributes = {
					24A0C0442A9C316D0008C054 = {
						CreatedOnToolsVersion = 14.3.1;
					};
					24A0C0552A9C316E0008C054 = {
						CreatedOnToolsVersion = 14.3.1;
						TestTargetID = 24A0C0442A9C316D0008C054;
					};
					24A0C05F2A9C316E0008C054 = {
						CreatedOnToolsVersion = 14.3.1;
						TestTargetID = 24A0C0442A9C316D0008C054;
					};
				};
			};
			buildConfigurationList = 24A0C0402A9C316D0008C054 /* Build configuration list for PBXProject "TestIOS" */;
			compatibilityVersion = "Xcode 14.0";
			developmentRegion = en;
			hasScannedForEncodings = 0;
			knownRegions = (
				en,
				Base,
			);
			mainGroup = 24A0C03C2A9C316D0008C054;
			productRefGroup = 24A0C0462A9C316D0008C054 /* Products */;
			projectDirPath = "";
			projectRoot = "";
			targets = (
				24A0C0442A9C316D0008C054 /* TestIOS */,
				24A0C0552A9C316E0008C054 /* TestIOSTests */,
				24A0C05F2A9C316E0008C054 /* TestIOSUITests */,
			);
		};
/* End PBXProject section */

/* Begin PBXResourcesBuildPhase section */
		24A0C0432A9C316D0008C054 /* Resources */ = {
			isa = PBXResourcesBuildPhase;
			buildActionMask = 2147483647;
			files = (
				24A0C0512A9C316E0008C054 /* Preview Assets.xcassets in Resources */,
				24A0C04D2A9C316E0008C054 /* Assets.xcassets in Resources */,
			);
			runOnlyForDeploymentPostprocessing = 0;
		};
		24A0C0542A9C316E0008C054 /* Resources */ = {
			isa = PBXResourcesBuildPhase;
			buildActionMask = 2147483647;
			files = (
			);
			runOnlyForDeploymentPostprocessing = 0;
		};
		24A0C05E2A9C316E0008C054 /* Resources */ = {
			isa = PBXResourcesBuildPhase;
			buildActionMask = 2147483647;
			files = (
			);
			runOnlyForDeploymentPostprocessing = 0;
		};
/* End PBXResourcesBuildPhase section */

/* Begin PBXShellScriptBuildPhase section */
		5373EC0E0A9EEEBA0C0987D9 /* [CP] Embed Pods Frameworks */ = {
			isa = PBXShellScriptBuildPhase;
			buildActionMask = 2147483647;
			files = (
			);
			inputFileListPaths = (
				"${PODS_ROOT}/Target Support Files/Pods-TestIOS/Pods-TestIOS-frameworks-${CONFIGURATION}-input-files.xcfilelist",
			);
			name = "[CP] Embed Pods Frameworks";
			outputFileListPaths = (
				"${PODS_ROOT}/Target Support Files/Pods-TestIOS/Pods-TestIOS-frameworks-${CONFIGURATION}-output-files.xcfilelist",
			);
			runOnlyForDeploymentPostprocessing = 0;
			shellPath = /bin/sh;
			shellScript = "\"${PODS_ROOT}/Target Support Files/Pods-TestIOS/Pods-TestIOS-frameworks.sh\"\n";
			showEnvVarsInLog = 0;
		};
		544A76905E2D09F3D8F09DF0 /* [CP] Check Pods Manifest.lock */ = {
			isa = PBXShellScriptBuildPhase;
			buildActionMask = 2147483647;
			files = (
			);
			inputFileListPaths = (
			);
			inputPaths = (
				"${PODS_PODFILE_DIR_PATH}/Podfile.lock",
				"${PODS_ROOT}/Manifest.lock",
			);
			name = "[CP] Check Pods Manifest.lock";
			outputFileListPaths = (
			);
			outputPaths = (
				"$(DERIVED_FILE_DIR)/Pods-TestIOS-checkManifestLockResult.txt",
			);
			runOnlyForDeploymentPostprocessing = 0;
			shellPath = /bin/sh;
			shellScript = "diff \"${PODS_PODFILE_DIR_PATH}/Podfile.lock\" \"${PODS_ROOT}/Manifest.lock\" > /dev/null\nif [ $? != 0 ] ; then\n    # print error to STDERR\n    echo \"error: The sandbox is not in sync with the Podfile.lock. Run 'pod install' or update your CocoaPods installation.\" >&2\n    exit 1\nfi\n# This output is used by Xcode 'outputs' to avoid re-running this script phase.\necho \"SUCCESS\" > \"${SCRIPT_OUTPUT_FILE_0}\"\n";
			showEnvVarsInLog = 0;
		};
/* End PBXShellScriptBuildPhase section */

/* Begin PBXSourcesBuildPhase section */
		24A0C0412A9C316D0008C054 /* Sources */ = {
			isa = PBXSourcesBuildPhase;
			buildActionMask = 2147483647;
			files = (
				24A0C08D2A9D57070008C054 /* UsersListView.swift in Sources */,
				24A0C08B2A9D530C0008C054 /* PostViewModel.swift in Sources */,
				24A0C0952A9D57370008C054 /* SearchBar.swift in Sources */,
				24A0C07D2A9C62E00008C054 /* NetworkService.swift in Sources */,
				24A0C04B2A9C316D0008C054 /* ContentView.swift in Sources */,
				24A0C0912A9D57210008C054 /* UserDetailView.swift in Sources */,
				24A0C0842A9D0A420008C054 /* UserController.swift in Sources */,
				24A0C0492A9C316D0008C054 /* TestIOSApp.swift in Sources */,
				24A0C0792A9C61870008C054 /* User.swift in Sources */,
				24A0C0862A9D10700008C054 /* PostController.swift in Sources */,
				24A0C0932A9D572C0008C054 /* PostListItemView.swift in Sources */,
				24A0C0982A9D5FD50008C054 /* UserResponse.swift in Sources */,
				24A0C07B2A9C624B0008C054 /* Post.swift in Sources */,
				24A0C0882A9D52140008C054 /* UserViewModel.swift in Sources */,
				24A0C08F2A9D57160008C054 /* UserListItemView.swift in Sources */,
				24A0C07F2A9C6A020008C054 /* LocalPersistenceService.swift in Sources */,
			);
			runOnlyForDeploymentPostprocessing = 0;
		};
		24A0C0522A9C316E0008C054 /* Sources */ = {
			isa = PBXSourcesBuildPhase;
			buildActionMask = 2147483647;
			files = (
				24A0C05B2A9C316E0008C054 /* TestIOSTests.swift in Sources */,
			);
			runOnlyForDeploymentPostprocessing = 0;
		};
		24A0C05C2A9C316E0008C054 /* Sources */ = {
			isa = PBXSourcesBuildPhase;
			buildActionMask = 2147483647;
			files = (
				24A0C0672A9C316E0008C054 /* TestIOSUITestsLaunchTests.swift in Sources */,
				24A0C0652A9C316E0008C054 /* TestIOSUITests.swift in Sources */,
			);
			runOnlyForDeploymentPostprocessing = 0;
		};
/* End PBXSourcesBuildPhase section */

/* Begin PBXTargetDependency section */
		24A0C0582A9C316E0008C054 /* PBXTargetDependency */ = {
			isa = PBXTargetDependency;
			target = 24A0C0442A9C316D0008C054 /* TestIOS */;
			targetProxy = 24A0C0572A9C316E0008C054 /* PBXContainerItemProxy */;
		};
		24A0C0622A9C316E0008C054 /* PBXTargetDependency */ = {
			isa = PBXTargetDependency;
			target = 24A0C0442A9C316D0008C054 /* TestIOS */;
			targetProxy = 24A0C0612A9C316E0008C054 /* PBXContainerItemProxy */;
		};
/* End PBXTargetDependency section */

/* Begin XCBuildConfiguration section */
		24A0C0682A9C316E0008C054 /* Debug */ = {
			isa = XCBuildConfiguration;
			buildSettings = {
				ALWAYS_SEARCH_USER_PATHS = NO;
				CLANG_ANALYZER_NONNULL = YES;
				CLANG_ANALYZER_NUMBER_OBJECT_CONVERSION = YES_AGGRESSIVE;
				CLANG_CXX_LANGUAGE_STANDARD = "gnu++20";
				CLANG_ENABLE_MODULES = YES;
				CLANG_ENABLE_OBJC_ARC = YES;
				CLANG_ENABLE_OBJC_WEAK = YES;
				CLANG_WARN_BLOCK_CAPTURE_AUTORELEASING = YES;
				CLANG_WARN_BOOL_CONVERSION = YES;
				CLANG_WARN_COMMA = YES;
				CLANG_WARN_CONSTANT_CONVERSION = YES;
				CLANG_WARN_DEPRECATED_OBJC_IMPLEMENTATIONS = YES;
				CLANG_WARN_DIRECT_OBJC_ISA_USAGE = YES_ERROR;
				CLANG_WARN_DOCUMENTATION_COMMENTS = YES;
				CLANG_WARN_EMPTY_BODY = YES;
				CLANG_WARN_ENUM_CONVERSION = YES;
				CLANG_WARN_INFINITE_RECURSION = YES;
				CLANG_WARN_INT_CONVERSION = YES;
				CLANG_WARN_NON_LITERAL_NULL_CONVERSION = YES;
				CLANG_WARN_OBJC_IMPLICIT_RETAIN_SELF = YES;
				CLANG_WARN_OBJC_LITERAL_CONVERSION = YES;
				CLANG_WARN_OBJC_ROOT_CLASS = YES_ERROR;
				CLANG_WARN_QUOTED_INCLUDE_IN_FRAMEWORK_HEADER = YES;
				CLANG_WARN_RANGE_LOOP_ANALYSIS = YES;
				CLANG_WARN_STRICT_PROTOTYPES = YES;
				CLANG_WARN_SUSPICIOUS_MOVE = YES;
				CLANG_WARN_UNGUARDED_AVAILABILITY = YES_AGGRESSIVE;
				CLANG_WARN_UNREACHABLE_CODE = YES;
				CLANG_WARN__DUPLICATE_METHOD_MATCH = YES;
				COPY_PHASE_STRIP = NO;
				DEBUG_INFORMATION_FORMAT = dwarf;
				ENABLE_STRICT_OBJC_MSGSEND = YES;
				ENABLE_TESTABILITY = YES;
				GCC_C_LANGUAGE_STANDARD = gnu11;
				GCC_DYNAMIC_NO_PIC = NO;
				GCC_NO_COMMON_BLOCKS = YES;
				GCC_OPTIMIZATION_LEVEL = 0;
				GCC_PREPROCESSOR_DEFINITIONS = (
					"DEBUG=1",
					"$(inherited)",
				);
				GCC_WARN_64_TO_32_BIT_CONVERSION = YES;
				GCC_WARN_ABOUT_RETURN_TYPE = YES_ERROR;
				GCC_WARN_UNDECLARED_SELECTOR = YES;
				GCC_WARN_UNINITIALIZED_AUTOS = YES_AGGRESSIVE;
				GCC_WARN_UNUSED_FUNCTION = YES;
				GCC_WARN_UNUSED_VARIABLE = YES;
				MTL_ENABLE_DEBUG_INFO = INCLUDE_SOURCE;
				MTL_FAST_MATH = YES;
				ONLY_ACTIVE_ARCH = YES;
				SWIFT_ACTIVE_COMPILATION_CONDITIONS = DEBUG;
				SWIFT_OPTIMIZATION_LEVEL = "-Onone";
			};
			name = Debug;
		};
		24A0C0692A9C316E0008C054 /* Release */ = {
			isa = XCBuildConfiguration;
			buildSettings = {
				ALWAYS_SEARCH_USER_PATHS = NO;
				CLANG_ANALYZER_NONNULL = YES;
				CLANG_ANALYZER_NUMBER_OBJECT_CONVERSION = YES_AGGRESSIVE;
				CLANG_CXX_LANGUAGE_STANDARD = "gnu++20";
				CLANG_ENABLE_MODULES = YES;
				CLANG_ENABLE_OBJC_ARC = YES;
				CLANG_ENABLE_OBJC_WEAK = YES;
				CLANG_WARN_BLOCK_CAPTURE_AUTORELEASING = YES;
				CLANG_WARN_BOOL_CONVERSION = YES;
				CLANG_WARN_COMMA = YES;
				CLANG_WARN_CONSTANT_CONVERSION = YES;
				CLANG_WARN_DEPRECATED_OBJC_IMPLEMENTATIONS = YES;
				CLANG_WARN_DIRECT_OBJC_ISA_USAGE = YES_ERROR;
				CLANG_WARN_DOCUMENTATION_COMMENTS = YES;
				CLANG_WARN_EMPTY_BODY = YES;
				CLANG_WARN_ENUM_CONVERSION = YES;
				CLANG_WARN_INFINITE_RECURSION = YES;
				CLANG_WARN_INT_CONVERSION = YES;
				CLANG_WARN_NON_LITERAL_NULL_CONVERSION = YES;
				CLANG_WARN_OBJC_IMPLICIT_RETAIN_SELF = YES;
				CLANG_WARN_OBJC_LITERAL_CONVERSION = YES;
				CLANG_WARN_OBJC_ROOT_CLASS = YES_ERROR;
				CLANG_WARN_QUOTED_INCLUDE_IN_FRAMEWORK_HEADER = YES;
				CLANG_WARN_RANGE_LOOP_ANALYSIS = YES;
				CLANG_WARN_STRICT_PROTOTYPES = YES;
				CLANG_WARN_SUSPICIOUS_MOVE = YES;
				CLANG_WARN_UNGUARDED_AVAILABILITY = YES_AGGRESSIVE;
				CLANG_WARN_UNREACHABLE_CODE = YES;
				CLANG_WARN__DUPLICATE_METHOD_MATCH = YES;
				COPY_PHASE_STRIP = NO;
				DEBUG_INFORMATION_FORMAT = "dwarf-with-dsym";
				ENABLE_NS_ASSERTIONS = NO;
				ENABLE_STRICT_OBJC_MSGSEND = YES;
				GCC_C_LANGUAGE_STANDARD = gnu11;
				GCC_NO_COMMON_BLOCKS = YES;
				GCC_WARN_64_TO_32_BIT_CONVERSION = YES;
				GCC_WARN_ABOUT_RETURN_TYPE = YES_ERROR;
				GCC_WARN_UNDECLARED_SELECTOR = YES;
				GCC_WARN_UNINITIALIZED_AUTOS = YES_AGGRESSIVE;
				GCC_WARN_UNUSED_FUNCTION = YES;
				GCC_WARN_UNUSED_VARIABLE = YES;
				MTL_ENABLE_DEBUG_INFO = NO;
				MTL_FAST_MATH = YES;
				SWIFT_COMPILATION_MODE = wholemodule;
				SWIFT_OPTIMIZATION_LEVEL = "-O";
			};
			name = Release;
		};
		24A0C06B2A9C316E0008C054 /* Debug */ = {
			isa = XCBuildConfiguration;
			baseConfigurationReference = B7D0263A9512EDAF07599ABA /* Pods-TestIOS.debug.xcconfig */;
			buildSettings = {
				ASSETCATALOG_COMPILER_APPICON_NAME = AppIcon;
				ASSETCATALOG_COMPILER_GLOBAL_ACCENT_COLOR_NAME = AccentColor;
				CODE_SIGN_ENTITLEMENTS = TestIOS/TestIOS.entitlements;
				CODE_SIGN_STYLE = Automatic;
				CURRENT_PROJECT_VERSION = 1;
				DEVELOPMENT_ASSET_PATHS = "\"TestIOS/Preview Content\"";
				DEVELOPMENT_TEAM = 4FH368MT7V;
				ENABLE_PREVIEWS = YES;
				GENERATE_INFOPLIST_FILE = YES;
				INFOPLIST_FILE = TestIOS/Info.plist;
				"INFOPLIST_KEY_UIApplicationSceneManifest_Generation[sdk=iphoneos*]" = YES;
				"INFOPLIST_KEY_UIApplicationSceneManifest_Generation[sdk=iphonesimulator*]" = YES;
				"INFOPLIST_KEY_UIApplicationSupportsIndirectInputEvents[sdk=iphoneos*]" = YES;
				"INFOPLIST_KEY_UIApplicationSupportsIndirectInputEvents[sdk=iphonesimulator*]" = YES;
				"INFOPLIST_KEY_UILaunchScreen_Generation[sdk=iphoneos*]" = YES;
				"INFOPLIST_KEY_UILaunchScreen_Generation[sdk=iphonesimulator*]" = YES;
				"INFOPLIST_KEY_UIStatusBarStyle[sdk=iphoneos*]" = UIStatusBarStyleDefault;
				"INFOPLIST_KEY_UIStatusBarStyle[sdk=iphonesimulator*]" = UIStatusBarStyleDefault;
				INFOPLIST_KEY_UISupportedInterfaceOrientations_iPad = "UIInterfaceOrientationPortrait UIInterfaceOrientationPortraitUpsideDown UIInterfaceOrientationLandscapeLeft UIInterfaceOrientationLandscapeRight";
				INFOPLIST_KEY_UISupportedInterfaceOrientations_iPhone = "UIInterfaceOrientationPortrait UIInterfaceOrientationLandscapeLeft UIInterfaceOrientationLandscapeRight";
				IPHONEOS_DEPLOYMENT_TARGET = 16.4;
				LD_RUNPATH_SEARCH_PATHS = "@executable_path/Frameworks";
				"LD_RUNPATH_SEARCH_PATHS[sdk=macosx*]" = "@executable_path/../Frameworks";
				MACOSX_DEPLOYMENT_TARGET = 13.0;
				MARKETING_VERSION = 1.0;
				PRODUCT_BUNDLE_IDENTIFIER = ceiba.TestIOS;
				PRODUCT_NAME = "$(TARGET_NAME)";
				SDKROOT = auto;
				SUPPORTED_PLATFORMS = "iphoneos iphonesimulator macosx";
				SWIFT_EMIT_LOC_STRINGS = YES;
				SWIFT_VERSION = 5.0;
				TARGETED_DEVICE_FAMILY = "1,2";
			};
			name = Debug;
		};
		24A0C06C2A9C316E0008C054 /* Release */ = {
			isa = XCBuildConfiguration;
			baseConfigurationReference = 2C363C7470D12A3781E492E3 /* Pods-TestIOS.release.xcconfig */;
			buildSettings = {
				ASSETCATALOG_COMPILER_APPICON_NAME = AppIcon;
				ASSETCATALOG_COMPILER_GLOBAL_ACCENT_COLOR_NAME = AccentColor;
				CODE_SIGN_ENTITLEMENTS = TestIOS/TestIOS.entitlements;
				CODE_SIGN_STYLE = Automatic;
				CURRENT_PROJECT_VERSION = 1;
				DEVELOPMENT_ASSET_PATHS = "\"TestIOS/Preview Content\"";
				DEVELOPMENT_TEAM = 4FH368MT7V;
				ENABLE_PREVIEWS = YES;
				GENERATE_INFOPLIST_FILE = YES;
				INFOPLIST_FILE = TestIOS/Info.plist;
				"INFOPLIST_KEY_UIApplicationSceneManifest_Generation[sdk=iphoneos*]" = YES;
				"INFOPLIST_KEY_UIApplicationSceneManifest_Generation[sdk=iphonesimulator*]" = YES;
				"INFOPLIST_KEY_UIApplicationSupportsIndirectInputEvents[sdk=iphoneos*]" = YES;
				"INFOPLIST_KEY_UIApplicationSupportsIndirectInputEvents[sdk=iphonesimulator*]" = YES;
				"INFOPLIST_KEY_UILaunchScreen_Generation[sdk=iphoneos*]" = YES;
				"INFOPLIST_KEY_UILaunchScreen_Generation[sdk=iphonesimulator*]" = YES;
				"INFOPLIST_KEY_UIStatusBarStyle[sdk=iphoneos*]" = UIStatusBarStyleDefault;
				"INFOPLIST_KEY_UIStatusBarStyle[sdk=iphonesimulator*]" = UIStatusBarStyleDefault;
				INFOPLIST_KEY_UISupportedInterfaceOrientations_iPad = "UIInterfaceOrientationPortrait UIInterfaceOrientationPortraitUpsideDown UIInterfaceOrientationLandscapeLeft UIInterfaceOrientationLandscapeRight";
				INFOPLIST_KEY_UISupportedInterfaceOrientations_iPhone = "UIInterfaceOrientationPortrait UIInterfaceOrientationLandscapeLeft UIInterfaceOrientationLandscapeRight";
				IPHONEOS_DEPLOYMENT_TARGET = 16.4;
				LD_RUNPATH_SEARCH_PATHS = "@executable_path/Frameworks";
				"LD_RUNPATH_SEARCH_PATHS[sdk=macosx*]" = "@executable_path/../Frameworks";
				MACOSX_DEPLOYMENT_TARGET = 13.0;
				MARKETING_VERSION = 1.0;
				PRODUCT_BUNDLE_IDENTIFIER = ceiba.TestIOS;
				PRODUCT_NAME = "$(TARGET_NAME)";
				SDKROOT = auto;
				SUPPORTED_PLATFORMS = "iphoneos iphonesimulator macosx";
				SWIFT_EMIT_LOC_STRINGS = YES;
				SWIFT_VERSION = 5.0;
				TARGETED_DEVICE_FAMILY = "1,2";
			};
			name = Release;
		};
		24A0C06E2A9C316E0008C054 /* Debug */ = {
			isa = XCBuildConfiguration;
			buildSettings = {
				ALWAYS_EMBED_SWIFT_STANDARD_LIBRARIES = YES;
				BUNDLE_LOADER = "$(TEST_HOST)";
				CODE_SIGN_STYLE = Automatic;
				CURRENT_PROJECT_VERSION = 1;
				DEVELOPMENT_TEAM = 4FH368MT7V;
				GENERATE_INFOPLIST_FILE = YES;
				IPHONEOS_DEPLOYMENT_TARGET = 16.4;
				MACOSX_DEPLOYMENT_TARGET = 13.0;
				MARKETING_VERSION = 1.0;
				PRODUCT_BUNDLE_IDENTIFIER = ceiba.TestIOSTests;
				PRODUCT_NAME = "$(TARGET_NAME)";
				SDKROOT = auto;
				SUPPORTED_PLATFORMS = "iphoneos iphonesimulator macosx";
				SWIFT_EMIT_LOC_STRINGS = NO;
				SWIFT_VERSION = 5.0;
				TARGETED_DEVICE_FAMILY = "1,2";
				TEST_HOST = "$(BUILT_PRODUCTS_DIR)/TestIOS.app/$(BUNDLE_EXECUTABLE_FOLDER_PATH)/TestIOS";
			};
			name = Debug;
		};
		24A0C06F2A9C316E0008C054 /* Release */ = {
			isa = XCBuildConfiguration;
			buildSettings = {
				ALWAYS_EMBED_SWIFT_STANDARD_LIBRARIES = YES;
				BUNDLE_LOADER = "$(TEST_HOST)";
				CODE_SIGN_STYLE = Automatic;
				CURRENT_PROJECT_VERSION = 1;
				DEVELOPMENT_TEAM = 4FH368MT7V;
				GENERATE_INFOPLIST_FILE = YES;
				IPHONEOS_DEPLOYMENT_TARGET = 16.4;
				MACOSX_DEPLOYMENT_TARGET = 13.0;
				MARKETING_VERSION = 1.0;
				PRODUCT_BUNDLE_IDENTIFIER = ceiba.TestIOSTests;
				PRODUCT_NAME = "$(TARGET_NAME)";
				SDKROOT = auto;
				SUPPORTED_PLATFORMS = "iphoneos iphonesimulator macosx";
				SWIFT_EMIT_LOC_STRINGS = NO;
				SWIFT_VERSION = 5.0;
				TARGETED_DEVICE_FAMILY = "1,2";
				TEST_HOST = "$(BUILT_PRODUCTS_DIR)/TestIOS.app/$(BUNDLE_EXECUTABLE_FOLDER_PATH)/TestIOS";
			};
			name = Release;
		};
		24A0C0712A9C316E0008C054 /* Debug */ = {
			isa = XCBuildConfiguration;
			buildSettings = {
				ALWAYS_EMBED_SWIFT_STANDARD_LIBRARIES = YES;
				CODE_SIGN_STYLE = Automatic;
				CURRENT_PROJECT_VERSION = 1;
				DEVELOPMENT_TEAM = 4FH368MT7V;
				GENERATE_INFOPLIST_FILE = YES;
				IPHONEOS_DEPLOYMENT_TARGET = 16.4;
				MACOSX_DEPLOYMENT_TARGET = 13.0;
				MARKETING_VERSION = 1.0;
				PRODUCT_BUNDLE_IDENTIFIER = ceiba.TestIOSUITests;
				PRODUCT_NAME = "$(TARGET_NAME)";
				SDKROOT = auto;
				SUPPORTED_PLATFORMS = "iphoneos iphonesimulator macosx";
				SWIFT_EMIT_LOC_STRINGS = NO;
				SWIFT_VERSION = 5.0;
				TARGETED_DEVICE_FAMILY = "1,2";
				TEST_TARGET_NAME = TestIOS;
			};
			name = Debug;
		};
		24A0C0722A9C316E0008C054 /* Release */ = {
			isa = XCBuildConfiguration;
			buildSettings = {
				ALWAYS_EMBED_SWIFT_STANDARD_LIBRARIES = YES;
				CODE_SIGN_STYLE = Automatic;
				CURRENT_PROJECT_VERSION = 1;
				DEVELOPMENT_TEAM = 4FH368MT7V;
				GENERATE_INFOPLIST_FILE = YES;
				IPHONEOS_DEPLOYMENT_TARGET = 16.4;
				MACOSX_DEPLOYMENT_TARGET = 13.0;
				MARKETING_VERSION = 1.0;
				PRODUCT_BUNDLE_IDENTIFIER = ceiba.TestIOSUITests;
				PRODUCT_NAME = "$(TARGET_NAME)";
				SDKROOT = auto;
				SUPPORTED_PLATFORMS = "iphoneos iphonesimulator macosx";
				SWIFT_EMIT_LOC_STRINGS = NO;
				SWIFT_VERSION = 5.0;
				TARGETED_DEVICE_FAMILY = "1,2";
				TEST_TARGET_NAME = TestIOS;
			};
			name = Release;
		};
/* End XCBuildConfiguration section */

/* Begin XCConfigurationList section */
		24A0C0402A9C316D0008C054 /* Build configuration list for PBXProject "TestIOS" */ = {
			isa = XCConfigurationList;
			buildConfigurations = (
				24A0C0682A9C316E0008C054 /* Debug */,
				24A0C0692A9C316E0008C054 /* Release */,
			);
			defaultConfigurationIsVisible = 0;
			defaultConfigurationName = Release;
		};
		24A0C06A2A9C316E0008C054 /* Build configuration list for PBXNativeTarget "TestIOS" */ = {
			isa = XCConfigurationList;
			buildConfigurations = (
				24A0C06B2A9C316E0008C054 /* Debug */,
				24A0C06C2A9C316E0008C054 /* Release */,
			);
			defaultConfigurationIsVisible = 0;
			defaultConfigurationName = Release;
		};
		24A0C06D2A9C316E0008C054 /* Build configuration list for PBXNativeTarget "TestIOSTests" */ = {
			isa = XCConfigurationList;
			buildConfigurations = (
				24A0C06E2A9C316E0008C054 /* Debug */,
				24A0C06F2A9C316E0008C054 /* Release */,
			);
			defaultConfigurationIsVisible = 0;
			defaultConfigurationName = Release;
		};
		24A0C0702A9C316E0008C054 /* Build configuration list for PBXNativeTarget "TestIOSUITests" */ = {
			isa = XCConfigurationList;
			buildConfigurations = (
				24A0C0712A9C316E0008C054 /* Debug */,
				24A0C0722A9C316E0008C054 /* Release */,
			);
			defaultConfigurationIsVisible = 0;
			defaultConfigurationName = Release;
		};
/* End XCConfigurationList section */
	};
	rootObject = 24A0C03D2A9C316D0008C054 /* Project object */;
}
